
Microsoft Visual Studio Solution File, Format Version 12.00
# Visual Studio Version 17
VisualStudioVersion = 17.6.33927.249
MinimumVisualStudioVersion = 10.0.40219.1
Project("{FAE04EC0-301F-11D3-BF4B-00C04F79EFBC}") = "CopyFilesStorage", "CopyFilesStorage\CopyFilesStorage.csproj", "{1035D583-3954-42C9-A3D9-B968CA3F6677}"
EndProject
Global
	GlobalSection(SolutionConfigurationPlatforms) = preSolution
		Debug|Any CPU = Debug|Any CPU
		Release|Any CPU = Release|Any CPU
	EndGlobalSection
	GlobalSection(ProjectConfigurationPlatforms) = postSolution
		{1035D583-3954-42C9-A3D9-B968CA3F6677}.Debug|Any CPU.ActiveCfg = Debug|Any CPU
		{1035D583-3954-42C9-A3D9-B968CA3F6677}.Debug|Any CPU.Build.0 = Debug|Any CPU
		{1035D583-3954-42C9-A3D9-B968CA3F6677}.Release|Any CPU.ActiveCfg = Release|Any CPU
		{1035D583-3954-42C9-A3D9-B968CA3F6677}.Release|Any CPU.Build.0 = Release|Any CPU
	EndGlobalSection
	GlobalSection(SolutionProperties) = preSolution
		HideSolutionNode = FALSE
	EndGlobalSection
	GlobalSection(ExtensibilityGlobals) = postSolution
		SolutionGuid = {4A13A178-4B32-4B11-B99F-56037E43E6BB}
	EndGlobalSection
EndGlobal
